// !$*UTF8*$!
{
	archiveVersion = 1;
	classes = {
	};
	objectVersion = 46;
	objects = {

/* Begin PBXBuildFile section */
		6589DBBE1B5662780060AE17 /* AppDelegate.m in Sources */ = {isa = PBXBuildFile; fileRef = 6589DBBD1B5662780060AE17 /* AppDelegate.m */; };
		6589DBC01B5662780060AE17 /* main.m in Sources */ = {isa = PBXBuildFile; fileRef = 6589DBBF1B5662780060AE17 /* main.m */; };
		6589DBC21B5662780060AE17 /* Images.xcassets in Resources */ = {isa = PBXBuildFile; fileRef = 6589DBC11B5662780060AE17 /* Images.xcassets */; };
		6589DBC51B5662780060AE17 /* MainMenu.xib in Resources */ = {isa = PBXBuildFile; fileRef = 6589DBC31B5662780060AE17 /* MainMenu.xib */; };
		6589DBD11B5662780060AE17 /* TestTabViewTests.m in Sources */ = {isa = PBXBuildFile; fileRef = 6589DBD01B5662780060AE17 /* TestTabViewTests.m */; };
		6589DBDF1B5664240060AE17 /* MainWindow.xib in Resources */ = {isa = PBXBuildFile; fileRef = 6589DBDB1B5664240060AE17 /* MainWindow.xib */; };
		6589DBE01B5664240060AE17 /* BSTMainWindowController.m in Sources */ = {isa = PBXBuildFile; fileRef = 6589DBDC1B5664240060AE17 /* BSTMainWindowController.m */; };
		6589DBE11B5664240060AE17 /* BSTTabView.m in Sources */ = {isa = PBXBuildFile; fileRef = 6589DBDE1B5664240060AE17 /* BSTTabView.m */; };
/* End PBXBuildFile section */

/* Begin PBXContainerItemProxy section */
		6589DBCB1B5662780060AE17 /* PBXContainerItemProxy */ = {
			isa = PBXContainerItemProxy;
			containerPortal = 6589DBAF1B5662780060AE17 /* Project object */;
			proxyType = 1;
			remoteGlobalIDString = 6589DBB61B5662780060AE17;
			remoteInfo = TestTabView;
		};
/* End PBXContainerItemProxy section */

/* Begin PBXFileReference section */
		6589DBB71B5662780060AE17 /* TestTabView.app */ = {isa = PBXFileReference; explicitFileType = wrapper.application; includeInIndex = 0; path = TestTabView.app; sourceTree = BUILT_PRODUCTS_DIR; };
		6589DBBB1B5662780060AE17 /* Info.plist */ = {isa = PBXFileReference; lastKnownFileType = text.plist.xml; path = Info.plist; sourceTree = "<group>"; };
		6589DBBC1B5662780060AE17 /* AppDelegate.h */ = {isa = PBXFileReference; lastKnownFileType = sourcecode.c.h; path = AppDelegate.h; sourceTree = "<group>"; };
		6589DBBD1B5662780060AE17 /* AppDelegate.m */ = {isa = PBXFileReference; lastKnownFileType = sourcecode.c.objc; path = AppDelegate.m; sourceTree = "<group>"; };
		6589DBBF1B5662780060AE17 /* main.m */ = {isa = PBXFileReference; lastKnownFileType = sourcecode.c.objc; path = main.m; sourceTree = "<group>"; };
		6589DBC11B5662780060AE17 /* Images.xcassets */ = {isa = PBXFileReference; lastKnownFileType = folder.assetcatalog; path = Images.xcassets; sourceTree = "<group>"; };
		6589DBC41B5662780060AE17 /* Base */ = {isa = PBXFileReference; lastKnownFileType = file.xib; name = Base; path = Base.lproj/MainMenu.xib; sourceTree = "<group>"; };
		6589DBCA1B5662780060AE17 /* TestTabViewTests.xctest */ = {isa = PBXFileReference; explicitFileType = wrapper.cfbundle; includeInIndex = 0; path = TestTabViewTests.xctest; sourceTree = BUILT_PRODUCTS_DIR; };
		6589DBCF1B5662780060AE17 /* Info.plist */ = {isa = PBXFileReference; lastKnownFileType = text.plist.xml; path = Info.plist; sourceTree = "<group>"; };
		6589DBD01B5662780060AE17 /* TestTabViewTests.m */ = {isa = PBXFileReference; lastKnownFileType = sourcecode.c.objc; path = TestTabViewTests.m; sourceTree = "<group>"; };
		6589DBDA1B5664240060AE17 /* BSTMainWindowController.h */ = {isa = PBXFileReference; fileEncoding = 4; lastKnownFileType = sourcecode.c.h; path = BSTMainWindowController.h; sourceTree = "<group>"; };
		6589DBDB1B5664240060AE17 /* MainWindow.xib */ = {isa = PBXFileReference; fileEncoding = 4; lastKnownFileType = file.xib; path = MainWindow.xib; sourceTree = "<group>"; };
		6589DBDC1B5664240060AE17 /* BSTMainWindowController.m */ = {isa = PBXFileReference; fileEncoding = 4; lastKnownFileType = sourcecode.c.objc; path = BSTMainWindowController.m; sourceTree = "<group>"; };
		6589DBDD1B5664240060AE17 /* BSTTabView.h */ = {isa = PBXFileReference; fileEncoding = 4; lastKnownFileType = sourcecode.c.h; path = BSTTabView.h; sourceTree = "<group>"; };
		6589DBDE1B5664240060AE17 /* BSTTabView.m */ = {isa = PBXFileReference; fileEncoding = 4; lastKnownFileType = sourcecode.c.objc; path = BSTTabView.m; sourceTree = "<group>"; };
/* End PBXFileReference section */

/* Begin PBXFrameworksBuildPhase section */
		6589DBB41B5662780060AE17 /* Frameworks */ = {
			isa = PBXFrameworksBuildPhase;
			buildActionMask = 2147483647;
			files = (
			);
			runOnlyForDeploymentPostprocessing = 0;
		};
		6589DBC71B5662780060AE17 /* Frameworks */ = {
			isa = PBXFrameworksBuildPhase;
			buildActionMask = 2147483647;
			files = (
			);
			runOnlyForDeploymentPostprocessing = 0;
		};
/* End PBXFrameworksBuildPhase section */

/* Begin PBXGroup section */
		6589DBAE1B5662780060AE17 = {
			isa = PBXGroup;
			children = (
				6589DBB91B5662780060AE17 /* TestTabView */,
				6589DBCD1B5662780060AE17 /* TestTabViewTests */,
				6589DBB81B5662780060AE17 /* Products */,
			);
			sourceTree = "<group>";
		};
		6589DBB81B5662780060AE17 /* Products */ = {
			isa = PBXGroup;
			children = (
				6589DBB71B5662780060AE17 /* TestTabView.app */,
				6589DBCA1B5662780060AE17 /* TestTabViewTests.xctest */,
			);
			name = Products;
			sourceTree = "<group>";
		};
		6589DBB91B5662780060AE17 /* TestTabView */ = {
			isa = PBXGroup;
			children = (
				6589DBBC1B5662780060AE17 /* AppDelegate.h */,
				6589DBBD1B5662780060AE17 /* AppDelegate.m */,
				6589DBC11B5662780060AE17 /* Images.xcassets */,
				6589DBC31B5662780060AE17 /* MainMenu.xib */,
				6589DBDA1B5664240060AE17 /* BSTMainWindowController.h */,
				6589DBDC1B5664240060AE17 /* BSTMainWindowController.m */,
				6589DBDB1B5664240060AE17 /* MainWindow.xib */,
				6589DBDD1B5664240060AE17 /* BSTTabView.h */,
				6589DBDE1B5664240060AE17 /* BSTTabView.m */,
				6589DBBA1B5662780060AE17 /* Supporting Files */,
			);
			path = TestTabView;
			sourceTree = "<group>";
		};
		6589DBBA1B5662780060AE17 /* Supporting Files */ = {
			isa = PBXGroup;
			children = (
				6589DBBB1B5662780060AE17 /* Info.plist */,
				6589DBBF1B5662780060AE17 /* main.m */,
			);
			name = "Supporting Files";
			sourceTree = "<group>";
		};
		6589DBCD1B5662780060AE17 /* TestTabViewTests */ = {
			isa = PBXGroup;
			children = (
				6589DBD01B5662780060AE17 /* TestTabViewTests.m */,
				6589DBCE1B5662780060AE17 /* Supporting Files */,
			);
			path = TestTabViewTests;
			sourceTree = "<group>";
		};
		6589DBCE1B5662780060AE17 /* Supporting Files */ = {
			isa = PBXGroup;
			children = (
				6589DBCF1B5662780060AE17 /* Info.plist */,
			);
			name = "Supporting Files";
			sourceTree = "<group>";
		};
/* End PBXGroup section */

/* Begin PBXNativeTarget section */
		6589DBB61B5662780060AE17 /* TestTabView */ = {
			isa = PBXNativeTarget;
			buildConfigurationList = 6589DBD41B5662780060AE17 /* Build configuration list for PBXNativeTarget "TestTabView" */;
			buildPhases = (
				6589DBB31B5662780060AE17 /* Sources */,
				6589DBB41B5662780060AE17 /* Frameworks */,
				6589DBB51B5662780060AE17 /* Resources */,
			);
			buildRules = (
			);
			dependencies = (
			);
			name = TestTabView;
			productName = TestTabView;
			productReference = 6589DBB71B5662780060AE17 /* TestTabView.app */;
			productType = "com.apple.product-type.application";
		};
		6589DBC91B5662780060AE17 /* TestTabViewTests */ = {
			isa = PBXNativeTarget;
			buildConfigurationList = 6589DBD71B5662780060AE17 /* Build configuration list for PBXNativeTarget "TestTabViewTests" */;
			buildPhases = (
				6589DBC61B5662780060AE17 /* Sources */,
				6589DBC71B5662780060AE17 /* Frameworks */,
				6589DBC81B5662780060AE17 /* Resources */,
			);
			buildRules = (
			);
			dependencies = (
				6589DBCC1B5662780060AE17 /* PBXTargetDependency */,
			);
			name = TestTabViewTests;
			productName = TestTabViewTests;
			productReference = 6589DBCA1B5662780060AE17 /* TestTabViewTests.xctest */;
			productType = "com.apple.product-type.bundle.unit-test";
		};
/* End PBXNativeTarget section */

/* Begin PBXProject section */
		6589DBAF1B5662780060AE17 /* Project object */ = {
			isa = PBXProject;
			attributes = {
				LastUpgradeCheck = 0640;
				ORGANIZATIONNAME = "Ola Straby";
				TargetAttributes = {
					6589DBB61B5662780060AE17 = {
						CreatedOnToolsVersion = 6.4;
					};
					6589DBC91B5662780060AE17 = {
						CreatedOnToolsVersion = 6.4;
						TestTargetID = 6589DBB61B5662780060AE17;
					};
				};
			};
			buildConfigurationList = 6589DBB21B5662780060AE17 /* Build configuration list for PBXProject "TestTabView" */;
			compatibilityVersion = "Xcode 3.2";
			developmentRegion = English;
			hasScannedForEncodings = 0;
			knownRegions = (
				en,
				Base,
			);
			mainGroup = 6589DBAE1B5662780060AE17;
			productRefGroup = 6589DBB81B5662780060AE17 /* Products */;
			projectDirPath = "";
			projectRoot = "";
			targets = (
				6589DBB61B5662780060AE17 /* TestTabView */,
				6589DBC91B5662780060AE17 /* TestTabViewTests */,
			);
		};
/* End PBXProject section */

/* Begin PBXResourcesBuildPhase section */
		6589DBB51B5662780060AE17 /* Resources */ = {
			isa = PBXResourcesBuildPhase;
			buildActionMask = 2147483647;
			files = (
				6589DBC21B5662780060AE17 /* Images.xcassets in Resources */,
				6589DBC51B5662780060AE17 /* MainMenu.xib in Resources */,
				6589DBDF1B5664240060AE17 /* MainWindow.xib in Resources */,
			);
			runOnlyForDeploymentPostprocessing = 0;
		};
		6589DBC81B5662780060AE17 /* Resources */ = {
			isa = PBXResourcesBuildPhase;
			buildActionMask = 2147483647;
			files = (
			);
			runOnlyForDeploymentPostprocessing = 0;
		};
/* End PBXResourcesBuildPhase section */

/* Begin PBXSourcesBuildPhase section */
		6589DBB31B5662780060AE17 /* Sources */ = {
			isa = PBXSourcesBuildPhase;
			buildActionMask = 2147483647;
			files = (
				6589DBE01B5664240060AE17 /* BSTMainWindowController.m in Sources */,
				6589DBC01B5662780060AE17 /* main.m in Sources */,
				6589DBE11B5664240060AE17 /* BSTTabView.m in Sources */,
				6589DBBE1B5662780060AE17 /* AppDelegate.m in Sources */,
			);
			runOnlyForDeploymentPostprocessing = 0;
		};
		6589DBC61B5662780060AE17 /* Sources */ = {
			isa = PBXSourcesBuildPhase;
			buildActionMask = 2147483647;
			files = (
				6589DBD11B5662780060AE17 /* TestTabViewTests.m in Sources */,
			);
			runOnlyForDeploymentPostprocessing = 0;
		};
/* End PBXSourcesBuildPhase section */

/* Begin PBXTargetDependency section */
		6589DBCC1B5662780060AE17 /* PBXTargetDependency */ = {
			isa = PBXTargetDependency;
			target = 6589DBB61B5662780060AE17 /* TestTabView */;
			targetProxy = 6589DBCB1B5662780060AE17 /* PBXContainerItemProxy */;
		};
/* End PBXTargetDependency section */

/* Begin PBXVariantGroup section */
		6589DBC31B5662780060AE17 /* MainMenu.xib */ = {
			isa = PBXVariantGroup;
			children = (
				6589DBC41B5662780060AE17 /* Base */,
			);
			name = MainMenu.xib;
			sourceTree = "<group>";
		};
/* End PBXVariantGroup section */

/* Begin XCBuildConfiguration section */
		6589DBD21B5662780060AE17 /* Debug */ = {
			isa = XCBuildConfiguration;
			buildSettings = {
				ALWAYS_SEARCH_USER_PATHS = NO;
				CLANG_CXX_LANGUAGE_STANDARD = "gnu++0x";
				CLANG_CXX_LIBRARY = "libc++";
				CLANG_ENABLE_MODULES = YES;
				CLANG_ENABLE_OBJC_ARC = YES;
				CLANG_WARN_BOOL_CONVERSION = YES;
				CLANG_WARN_CONSTANT_CONVERSION = YES;
				CLANG_WARN_DIRECT_OBJC_ISA_USAGE = YES_ERROR;
				CLANG_WARN_EMPTY_BODY = YES;
				CLANG_WARN_ENUM_CONVERSION = YES;
				CLANG_WARN_INT_CONVERSION = YES;
				CLANG_WARN_OBJC_ROOT_CLASS = YES_ERROR;
				CLANG_WARN_UNREACHABLE_CODE = YES;
				CLANG_WARN__DUPLICATE_METHOD_MATCH = YES;
				CODE_SIGN_IDENTITY = "-";
				COPY_PHASE_STRIP = NO;
				DEBUG_INFORMATION_FORMAT = dwarf;
				ENABLE_STRICT_OBJC_MSGSEND = YES;
				GCC_C_LANGUAGE_STANDARD = gnu99;
				GCC_DYNAMIC_NO_PIC = NO;
				GCC_NO_COMMON_BLOCKS = YES;
				GCC_OPTIMIZATION_LEVEL = 0;
				GCC_PREPROCESSOR_DEFINITIONS = (
					"DEBUG=1",
					"$(inherited)",
				);
				GCC_SYMBOLS_PRIVATE_EXTERN = NO;
				GCC_WARN_64_TO_32_BIT_CONVERSION = YES;
				GCC_WARN_ABOUT_RETURN_TYPE = YES_ERROR;
				GCC_WARN_UNDECLARED_SELECTOR = YES;
				GCC_WARN_UNINITIALIZED_AUTOS = YES_AGGRESSIVE;
				GCC_WARN_UNUSED_FUNCTION = YES;
				GCC_WARN_UNUSED_VARIABLE = YES;
				MACOSX_DEPLOYMENT_TARGET = 10.10;
				MTL_ENABLE_DEBUG_INFO = YES;
				ONLY_ACTIVE_ARCH = YES;
				SDKROOT = macosx;
			};
			name = Debug;
		};
		6589DBD31B5662780060AE17 /* Release */ = {
			isa = XCBuildConfiguration;
			buildSettings = {
				ALWAYS_SEARCH_USER_PATHS = NO;
				CLANG_CXX_LANGUAGE_STANDARD = "gnu++0x";
				CLANG_CXX_LIBRARY = "libc++";
				CLANG_ENABLE_MODULES = YES;
				CLANG_ENABLE_OBJC_ARC = YES;
				CLANG_WARN_BOOL_CONVERSION = YES;
				CLANG_WARN_CONSTANT_CONVERSION = YES;
				CLANG_WARN_DIRECT_OBJC_ISA_USAGE = YES_ERROR;
				CLANG_WARN_EMPTY_BODY = YES;
				CLANG_WARN_ENUM_CONVERSION = YES;
				CLANG_WARN_INT_CONVERSION = YES;
				CLANG_WARN_OBJC_ROOT_CLASS = YES_ERROR;
				CLANG_WARN_UNREACHABLE_CODE = YES;
				CLANG_WARN__DUPLICATE_METHOD_MATCH = YES;
				CODE_SIGN_IDENTITY = "-";
				COPY_PHASE_STRIP = NO;
				DEBUG_INFORMATION_FORMAT = "dwarf-with-dsym";
				ENABLE_NS_ASSERTIONS = NO;
				ENABLE_STRICT_OBJC_MSGSEND = YES;
				GCC_C_LANGUAGE_STANDARD = gnu99;
				GCC_NO_COMMON_BLOCKS = YES;
				GCC_WARN_64_TO_32_BIT_CONVERSION = YES;
				GCC_WARN_ABOUT_RETURN_TYPE = YES_ERROR;
				GCC_WARN_UNDECLARED_SELECTOR = YES;
				GCC_WARN_UNINITIALIZED_AUTOS = YES_AGGRESSIVE;
				GCC_WARN_UNUSED_FUNCTION = YES;
				GCC_WARN_UNUSED_VARIABLE = YES;
				MACOSX_DEPLOYMENT_TARGET = 10.10;
				MTL_ENABLE_DEBUG_INFO = NO;
				SDKROOT = macosx;
			};
			name = Release;
		};
		6589DBD51B5662780060AE17 /* Debug */ = {
			isa = XCBuildConfiguration;
			buildSettings = {
				ASSETCATALOG_COMPILER_APPICON_NAME = AppIcon;
				COMBINE_HIDPI_IMAGES = YES;
				INFOPLIST_FILE = TestTabView/Info.plist;
				LD_RUNPATH_SEARCH_PATHS = "$(inherited) @executable_path/../Frameworks";
				PRODUCT_NAME = "$(TARGET_NAME)";
			};
			name = Debug;
		};
		6589DBD61B5662780060AE17 /* Release */ = {
			isa = XCBuildConfiguration;
			buildSettings = {
				ASSETCATALOG_COMPILER_APPICON_NAME = AppIcon;
				COMBINE_HIDPI_IMAGES = YES;
				INFOPLIST_FILE = TestTabView/Info.plist;
				LD_RUNPATH_SEARCH_PATHS = "$(inherited) @executable_path/../Frameworks";
				PRODUCT_NAME = "$(TARGET_NAME)";
			};
			name = Release;
		};
		6589DBD81B5662780060AE17 /* Debug */ = {
			isa = XCBuildConfiguration;
			buildSettings = {
				BUNDLE_LOADER = "$(TEST_HOST)";
				COMBINE_HIDPI_IMAGES = YES;
				FRAMEWORK_SEARCH_PATHS = (
					"$(DEVELOPER_FRAMEWORKS_DIR)",
					"$(inherited)",
				);
				GCC_PREPROCESSOR_DEFINITIONS = (
					"DEBUG=1",
					"$(inherited)",
				);
				INFOPLIST_FILE = TestTabViewTests/Info.plist;
				LD_RUNPATH_SEARCH_PATHS = "$(inherited) @executable_path/../Frameworks @loader_path/../Frameworks";
				PRODUCT_NAME = "$(TARGET_NAME)";
				TEST_HOST = "$(BUILT_PRODUCTS_DIR)/TestTabView.app/Contents/MacOS/TestTabView";
			};
			name = Debug;
		};
		6589DBD91B5662780060AE17 /* Release */ = {
			isa = XCBuildConfiguration;
			buildSettings = {
				BUNDLE_LOADER = "$(TEST_HOST)";
				COMBINE_HIDPI_IMAGES = YES;
				FRAMEWORK_SEARCH_PATHS = (
					"$(DEVELOPER_FRAMEWORKS_DIR)",
					"$(inherited)",
				);
				INFOPLIST_FILE = TestTabViewTests/Info.plist;
				LD_RUNPATH_SEARCH_PATHS = "$(inherited) @executable_path/../Frameworks @loader_path/../Frameworks";
				PRODUCT_NAME = "$(TARGET_NAME)";
				TEST_HOST = "$(BUILT_PRODUCTS_DIR)/TestTabView.app/Contents/MacOS/TestTabView";
			};
			name = Release;
		};
/* End XCBuildConfiguration section */

/* Begin XCConfigurationList section */
		6589DBB21B5662780060AE17 /* Build configuration list for PBXProject "TestTabView" */ = {
			isa = XCConfigurationList;
			buildConfigurations = (
				6589DBD21B5662780060AE17 /* Debug */,
				6589DBD31B5662780060AE17 /* Release */,
			);
			defaultConfigurationIsVisible = 0;
			defaultConfigurationName = Release;
		};
		6589DBD41B5662780060AE17 /* Build configuration list for PBXNativeTarget "TestTabView" */ = {
			isa = XCConfigurationList;
			buildConfigurations = (
				6589DBD51B5662780060AE17 /* Debug */,
				6589DBD61B5662780060AE17 /* Release */,
			);
			defaultConfigurationIsVisible = 0;
			defaultConfigurationName = Release;
		};
		6589DBD71B5662780060AE17 /* Build configuration list for PBXNativeTarget "TestTabViewTests" */ = {
			isa = XCConfigurationList;
			buildConfigurations = (
				6589DBD81B5662780060AE17 /* Debug */,
				6589DBD91B5662780060AE17 /* Release */,
			);
			defaultConfigurationIsVisible = 0;
			defaultConfigurationName = Release;
		};
/* End XCConfigurationList section */
	};
	rootObject = 6589DBAF1B5662780060AE17 /* Project object */;
}
